
Microsoft Visual Studio Solution File, Format Version 12.00
# Visual Studio Version 16
VisualStudioVersion = 25.0.1705.1
MinimumVisualStudioVersion = 10.0.40219.1
Project("{FAE04EC0-301F-11D3-BF4B-00C04F79EFBC}") = "CoensioBackendCase", "CoensioBackendCase.csproj", "{91091AF4-97BE-452D-B112-44FA65256A14}"
EndProject
Global
	GlobalSection(SolutionConfigurationPlatforms) = preSolution
		Debug|Any CPU = Debug|Any CPU
		Release|Any CPU = Release|Any CPU
	EndGlobalSection
	GlobalSection(ProjectConfigurationPlatforms) = postSolution
		{91091AF4-97BE-452D-B112-44FA65256A14}.Debug|Any CPU.ActiveCfg = Debug|Any CPU
		{91091AF4-97BE-452D-B112-44FA65256A14}.Debug|Any CPU.Build.0 = Debug|Any CPU
		{91091AF4-97BE-452D-B112-44FA65256A14}.Release|Any CPU.ActiveCfg = Release|Any CPU
		{91091AF4-97BE-452D-B112-44FA65256A14}.Release|Any CPU.Build.0 = Release|Any CPU
	EndGlobalSection
	GlobalSection(SolutionProperties) = preSolution
		HideSolutionNode = FALSE
	EndGlobalSection
	GlobalSection(ExtensibilityGlobals) = postSolution
		SolutionGuid = {E8E09DB6-3566-47F0-A61A-CB1C6062F175}
	EndGlobalSection
EndGlobal
